
Microsoft Visual Studio Solution File, Format Version 12.00
# Visual Studio Version 16
VisualStudioVersion = 25.0.1704.5
MinimumVisualStudioVersion = 10.0.40219.1
Project("{FAE04EC0-301F-11D3-BF4B-00C04F79EFBC}") = "CSD03", "CSD03\CSD03.csproj", "{0EB31397-C508-410F-8F32-FC125E25962D}"
EndProject
Global
	GlobalSection(SolutionConfigurationPlatforms) = preSolution
		Debug|Any CPU = Debug|Any CPU
		Release|Any CPU = Release|Any CPU
	EndGlobalSection
	GlobalSection(ProjectConfigurationPlatforms) = postSolution
		{0EB31397-C508-410F-8F32-FC125E25962D}.Debug|Any CPU.ActiveCfg = Debug|Any CPU
		{0EB31397-C508-410F-8F32-FC125E25962D}.Debug|Any CPU.Build.0 = Debug|Any CPU
		{0EB31397-C508-410F-8F32-FC125E25962D}.Release|Any CPU.ActiveCfg = Release|Any CPU
		{0EB31397-C508-410F-8F32-FC125E25962D}.Release|Any CPU.Build.0 = Release|Any CPU
	EndGlobalSection
	GlobalSection(SolutionProperties) = preSolution
		HideSolutionNode = FALSE
	EndGlobalSection
	GlobalSection(ExtensibilityGlobals) = postSolution
		SolutionGuid = {180DD49C-28A2-41AD-B844-666AA6C17ECE}
	EndGlobalSection
EndGlobal
